
Microsoft Visual Studio Solution File, Format Version 12.00
# Visual Studio 2012
Project("{8BC9CEB8-8B4A-11D0-8D11-00A0C91BC942}") = "Conway's game of Life", "Conway's game of Life\Conway's game of Life.vcxproj", "{F09C477B-A4D1-498F-97B5-9664E40E74DB}"
EndProject
Global
	GlobalSection(SolutionConfigurationPlatforms) = preSolution
		Debug|Win32 = Debug|Win32
		Release|Win32 = Release|Win32
	EndGlobalSection
	GlobalSection(ProjectConfigurationPlatforms) = postSolution
		{F09C477B-A4D1-498F-97B5-9664E40E74DB}.Debug|Win32.ActiveCfg = Debug|Win32
		{F09C477B-A4D1-498F-97B5-9664E40E74DB}.Debug|Win32.Build.0 = Debug|Win32
		{F09C477B-A4D1-498F-97B5-9664E40E74DB}.Release|Win32.ActiveCfg = Release|Win32
		{F09C477B-A4D1-498F-97B5-9664E40E74DB}.Release|Win32.Build.0 = Release|Win32
	EndGlobalSection
	GlobalSection(SolutionProperties) = preSolution
		HideSolutionNode = FALSE
	EndGlobalSection
EndGlobal
